// !$*UTF8*$!
{
	archiveVersion = 1;
	classes = {
	};
	objectVersion = 77;
	objects = {

/* Begin PBXBuildFile section */
		7DB5C219CA5F71B5CB978133 /* GoogleSignIn in Frameworks */ = {isa = PBXBuildFile; productRef = 3977E6225F9526AF52619CA9 /* GoogleSignIn */; };
		A95B852DB4681FE4CB971755 /* WorkoutWidgets.appex in Embed Foundation Extensions */ = {isa = PBXBuildFile; fileRef = C1A2912337D79EA8DBF43A6D /* WorkoutWidgets.appex */; settings = {ATTRIBUTES = (RemoveHeadersOnCopy, ); }; };
		DE81403BC315F840516257F9 /* SnapshotTesting in Frameworks */ = {isa = PBXBuildFile; productRef = 199091C33B8C7562A86C9A18 /* SnapshotTesting */; };
		F04A880C4E2AE6D08487BC0A /* GoogleSignInSwift in Frameworks */ = {isa = PBXBuildFile; productRef = CEF7E56EC8A77C77056ABE2A /* GoogleSignInSwift */; };
/* End PBXBuildFile section */

/* Begin PBXContainerItemProxy section */
		2DF0813098D85DA1D4E99448 /* PBXContainerItemProxy */ = {
			isa = PBXContainerItemProxy;
			containerPortal = 911E322F47B92A6FA8D976C0 /* Project object */;
			proxyType = 1;
			remoteGlobalIDString = 74E6BE869F6EE4F06D577FA6;
			remoteInfo = WorkoutWidgets;
		};
		321DAC34C285EC82241507C6 /* PBXContainerItemProxy */ = {
			isa = PBXContainerItemProxy;
			containerPortal = 911E322F47B92A6FA8D976C0 /* Project object */;
			proxyType = 1;
			remoteGlobalIDString = 6467659005103B3F100F0D23;
			remoteInfo = WorkoutTracker;
		};
		CF3E642FAA11B6BA03823F74 /* PBXContainerItemProxy */ = {
			isa = PBXContainerItemProxy;
			containerPortal = 911E322F47B92A6FA8D976C0 /* Project object */;
			proxyType = 1;
			remoteGlobalIDString = 6467659005103B3F100F0D23;
			remoteInfo = WorkoutTracker;
		};
		F86FEC4C6CDFC627A3B86C74 /* PBXContainerItemProxy */ = {
			isa = PBXContainerItemProxy;
			containerPortal = 911E322F47B92A6FA8D976C0 /* Project object */;
			proxyType = 1;
			remoteGlobalIDString = 6467659005103B3F100F0D23;
			remoteInfo = WorkoutTracker;
		};
/* End PBXContainerItemProxy section */

/* Begin PBXCopyFilesBuildPhase section */
		FDEF0D644E81991E7EB34259 /* Embed Foundation Extensions */ = {
			isa = PBXCopyFilesBuildPhase;
			buildActionMask = 2147483647;
			dstPath = "";
			dstSubfolderSpec = 13;
			files = (
				A95B852DB4681FE4CB971755 /* WorkoutWidgets.appex in Embed Foundation Extensions */,
			);
			name = "Embed Foundation Extensions";
			runOnlyForDeploymentPostprocessing = 0;
		};
/* End PBXCopyFilesBuildPhase section */

/* Begin PBXFileReference section */
		435A665E1EE8F8F82EA527B3 /* WorkoutTracker.app */ = {isa = PBXFileReference; includeInIndex = 0; lastKnownFileType = wrapper.application; path = WorkoutTracker.app; sourceTree = BUILT_PRODUCTS_DIR; };
		45AEC5243B4F982899183AC2 /* WorkoutTrackerUITests.xctest */ = {isa = PBXFileReference; includeInIndex = 0; lastKnownFileType = wrapper.cfbundle; path = WorkoutTrackerUITests.xctest; sourceTree = BUILT_PRODUCTS_DIR; };
		BDE239394917F6AD12CA9B07 /* Secrets.xcconfig */ = {isa = PBXFileReference; lastKnownFileType = text.xcconfig; path = Secrets.xcconfig; sourceTree = "<group>"; };
		C1A2912337D79EA8DBF43A6D /* WorkoutWidgets.appex */ = {isa = PBXFileReference; includeInIndex = 0; lastKnownFileType = "wrapper.app-extension"; path = WorkoutWidgets.appex; sourceTree = BUILT_PRODUCTS_DIR; };
		CFB89BA958473D4799209DE5 /* WorkoutTrackerTests.xctest */ = {isa = PBXFileReference; includeInIndex = 0; lastKnownFileType = wrapper.cfbundle; path = WorkoutTrackerTests.xctest; sourceTree = BUILT_PRODUCTS_DIR; };
		FE5ACA6B1ED2736F68363D60 /* WorkoutTrackerSnapshotTests.xctest */ = {isa = PBXFileReference; includeInIndex = 0; lastKnownFileType = wrapper.cfbundle; path = WorkoutTrackerSnapshotTests.xctest; sourceTree = BUILT_PRODUCTS_DIR; };
/* End PBXFileReference section */

/* Begin PBXFileSystemSynchronizedBuildFileExceptionSet section */
		A9F5000000000000000000C1 /* Exceptions for "Visual" folder in "WorkoutTrackerSnapshotTests" target */ = {
			isa = PBXFileSystemSynchronizedBuildFileExceptionSet;
			membershipExceptions = (
				__Snapshots__,
			);
			target = 46A520FBEB182FC7E179EBD1 /* WorkoutTrackerSnapshotTests */;
		};
		2D45BE322273D36960DDE606 /* Exceptions for "WorkoutTracker" folder in "WorkoutTracker" target */ = {
			isa = PBXFileSystemSynchronizedBuildFileExceptionSet;
			membershipExceptions = (
				Info.plist,
			);
			target = 6467659005103B3F100F0D23 /* WorkoutTracker */;
		};
		4F7A3AE97BB0F6DD0E5BABD5 /* Exceptions for "WorkoutWidgets" folder in "WorkoutWidgets" target */ = {
			isa = PBXFileSystemSynchronizedBuildFileExceptionSet;
			membershipExceptions = (
				Info.plist,
			);
			target = 74E6BE869F6EE4F06D577FA6 /* WorkoutWidgets */;
		};
/* End PBXFileSystemSynchronizedBuildFileExceptionSet section */

/* Begin PBXFileSystemSynchronizedRootGroup section */
		A9F5000000000000000000B2 /* Component */ = {
			isa = PBXFileSystemSynchronizedRootGroup;
			path = Component;
			sourceTree = "<group>";
		};
		A9F5000000000000000000B3 /* Support */ = {
			isa = PBXFileSystemSynchronizedRootGroup;
			path = Support;
			sourceTree = "<group>";
		};
		A9F5000000000000000000B5 /* UI */ = {
			isa = PBXFileSystemSynchronizedRootGroup;
			path = UI;
			sourceTree = "<group>";
		};
		A9F5000000000000000000B1 /* Unit */ = {
			isa = PBXFileSystemSynchronizedRootGroup;
			path = Unit;
			sourceTree = "<group>";
		};
		A9F5000000000000000000B4 /* Visual */ = {
			isa = PBXFileSystemSynchronizedRootGroup;
			exceptions = (
				A9F5000000000000000000C1 /* Exceptions for "Visual" folder in "WorkoutTrackerSnapshotTests" target */,
			);
			explicitFolders = (
				__Snapshots__,
			);
			path = Visual;
			sourceTree = "<group>";
		};
		895C7DB63C1CFF233AF9810C /* WorkoutShared */ = {
			isa = PBXFileSystemSynchronizedRootGroup;
			path = WorkoutShared;
			sourceTree = "<group>";
		};
		5772EF6C4A6EB197C6B5550C /* WorkoutTracker */ = {
			isa = PBXFileSystemSynchronizedRootGroup;
			exceptions = (
				2D45BE322273D36960DDE606 /* Exceptions for "WorkoutTracker" folder in "WorkoutTracker" target */,
			);
			path = WorkoutTracker;
			sourceTree = "<group>";
		};
		118B000CD16D59FACB6C886F /* WorkoutWidgets */ = {
			isa = PBXFileSystemSynchronizedRootGroup;
			exceptions = (
				4F7A3AE97BB0F6DD0E5BABD5 /* Exceptions for "WorkoutWidgets" folder in "WorkoutWidgets" target */,
			);
			path = WorkoutWidgets;
			sourceTree = "<group>";
		};
/* End PBXFileSystemSynchronizedRootGroup section */

/* Begin PBXFrameworksBuildPhase section */
		0C88714993550DDF97CEF03F /* Frameworks */ = {
			isa = PBXFrameworksBuildPhase;
			buildActionMask = 2147483647;
			files = (
				DE81403BC315F840516257F9 /* SnapshotTesting in Frameworks */,
			);
			runOnlyForDeploymentPostprocessing = 0;
		};
		EF49522BC788450AEECD84F3 /* Frameworks */ = {
			isa = PBXFrameworksBuildPhase;
			buildActionMask = 2147483647;
			files = (
				7DB5C219CA5F71B5CB978133 /* GoogleSignIn in Frameworks */,
				F04A880C4E2AE6D08487BC0A /* GoogleSignInSwift in Frameworks */,
			);
			runOnlyForDeploymentPostprocessing = 0;
		};
/* End PBXFrameworksBuildPhase section */

/* Begin PBXGroup section */
		770A4DE5455BDCC0893DE48C /* workout-app */ = {
			isa = PBXGroup;
			children = (
				BDE239394917F6AD12CA9B07 /* Secrets.xcconfig */,
			);
			name = "workout-app";
			path = .;
			sourceTree = "<group>";
		};
		9B5D2614740AB0F48B97C160 /* Tests */ = {
			isa = PBXGroup;
			children = (
				A9F5000000000000000000B2 /* Component */,
				A9F5000000000000000000B3 /* Support */,
				A9F5000000000000000000B5 /* UI */,
				A9F5000000000000000000B1 /* Unit */,
				A9F5000000000000000000B4 /* Visual */,
			);
			path = Tests;
			sourceTree = "<group>";
		};
		AD6248B3D6F5FB51D1B71926 = {
			isa = PBXGroup;
			children = (
				9B5D2614740AB0F48B97C160 /* Tests */,
				770A4DE5455BDCC0893DE48C /* workout-app */,
				895C7DB63C1CFF233AF9810C /* WorkoutShared */,
				5772EF6C4A6EB197C6B5550C /* WorkoutTracker */,
				118B000CD16D59FACB6C886F /* WorkoutWidgets */,
				C91759DD6A5BDB578F6ECD07 /* Products */,
			);
			sourceTree = "<group>";
		};
		C91759DD6A5BDB578F6ECD07 /* Products */ = {
			isa = PBXGroup;
			children = (
				435A665E1EE8F8F82EA527B3 /* WorkoutTracker.app */,
				FE5ACA6B1ED2736F68363D60 /* WorkoutTrackerSnapshotTests.xctest */,
				CFB89BA958473D4799209DE5 /* WorkoutTrackerTests.xctest */,
				45AEC5243B4F982899183AC2 /* WorkoutTrackerUITests.xctest */,
				C1A2912337D79EA8DBF43A6D /* WorkoutWidgets.appex */,
			);
			name = Products;
			sourceTree = "<group>";
		};
/* End PBXGroup section */

/* Begin PBXNativeTarget section */
		46A520FBEB182FC7E179EBD1 /* WorkoutTrackerSnapshotTests */ = {
			isa = PBXNativeTarget;
			buildConfigurationList = 23AD568E6D18AF00ED9C2CBA /* Build configuration list for PBXNativeTarget "WorkoutTrackerSnapshotTests" */;
			buildPhases = (
				9EF9DD5E5F3E9E434466E53A /* Sources */,
				6FF63F10AE8DA894E8CF70F0 /* Resources */,
				0C88714993550DDF97CEF03F /* Frameworks */,
			);
			buildRules = (
			);
			dependencies = (
				56029467A1243DD1DA771F67 /* PBXTargetDependency */,
			);
			fileSystemSynchronizedGroups = (
				A9F5000000000000000000B3 /* Support */,
				A9F5000000000000000000B4 /* Visual */,
			);
			name = WorkoutTrackerSnapshotTests;
			packageProductDependencies = (
				199091C33B8C7562A86C9A18 /* SnapshotTesting */,
			);
			productName = WorkoutTrackerSnapshotTests;
			productReference = FE5ACA6B1ED2736F68363D60 /* WorkoutTrackerSnapshotTests.xctest */;
			productType = "com.apple.product-type.bundle.unit-test";
		};
		6467659005103B3F100F0D23 /* WorkoutTracker */ = {
			isa = PBXNativeTarget;
			buildConfigurationList = 5A9C28BF88DEAB640165D446 /* Build configuration list for PBXNativeTarget "WorkoutTracker" */;
			buildPhases = (
				F26A043336E64F6B17388847 /* Sources */,
				E54EDE7918B4F355385CF221 /* Resources */,
				EF49522BC788450AEECD84F3 /* Frameworks */,
				FDEF0D644E81991E7EB34259 /* Embed Foundation Extensions */,
			);
			buildRules = (
			);
			dependencies = (
				C85785E304B04CB75F3BBA97 /* PBXTargetDependency */,
				3775011756B616E8CE35B067 /* PBXTargetDependency */,
			);
			fileSystemSynchronizedGroups = (
				895C7DB63C1CFF233AF9810C /* WorkoutShared */,
				5772EF6C4A6EB197C6B5550C /* WorkoutTracker */,
			);
			name = WorkoutTracker;
			packageProductDependencies = (
				3977E6225F9526AF52619CA9 /* GoogleSignIn */,
				CEF7E56EC8A77C77056ABE2A /* GoogleSignInSwift */,
			);
			productName = WorkoutTracker;
			productReference = 435A665E1EE8F8F82EA527B3 /* WorkoutTracker.app */;
			productType = "com.apple.product-type.application";
		};
		6A8555F0D3FB8289CC2AA8CA /* WorkoutTrackerUITests */ = {
			isa = PBXNativeTarget;
			buildConfigurationList = C6D840A6D8FCD1F4BEED0261 /* Build configuration list for PBXNativeTarget "WorkoutTrackerUITests" */;
			buildPhases = (
				461D42BC526B5CC44E17980B /* Sources */,
			);
			buildRules = (
			);
			dependencies = (
				CCBBDE547F412EFA65355DD8 /* PBXTargetDependency */,
			);
			fileSystemSynchronizedGroups = (
				A9F5000000000000000000B5 /* UI */,
			);
			name = WorkoutTrackerUITests;
			productName = WorkoutTrackerUITests;
			productReference = 45AEC5243B4F982899183AC2 /* WorkoutTrackerUITests.xctest */;
			productType = "com.apple.product-type.bundle.ui-testing";
		};
		707D9FED1E17B39EF52E62EF /* WorkoutTrackerTests */ = {
			isa = PBXNativeTarget;
			buildConfigurationList = 112811EE4A198E2F64C6E268 /* Build configuration list for PBXNativeTarget "WorkoutTrackerTests" */;
			buildPhases = (
				E98FB6DCF05A192EB2634FA9 /* Sources */,
			);
			buildRules = (
			);
			dependencies = (
				5E078775E2ED79863DC9FB89 /* PBXTargetDependency */,
			);
			fileSystemSynchronizedGroups = (
				A9F5000000000000000000B2 /* Component */,
				A9F5000000000000000000B3 /* Support */,
				A9F5000000000000000000B1 /* Unit */,
			);
			name = WorkoutTrackerTests;
			productName = WorkoutTrackerTests;
			productReference = CFB89BA958473D4799209DE5 /* WorkoutTrackerTests.xctest */;
			productType = "com.apple.product-type.bundle.unit-test";
		};
		74E6BE869F6EE4F06D577FA6 /* WorkoutWidgets */ = {
			isa = PBXNativeTarget;
			buildConfigurationList = 88BC778C56D4F0D05FDA64DA /* Build configuration list for PBXNativeTarget "WorkoutWidgets" */;
			buildPhases = (
				6CD1A4EEB3B698F281F1B562 /* Sources */,
			);
			buildRules = (
			);
			dependencies = (
			);
			fileSystemSynchronizedGroups = (
				895C7DB63C1CFF233AF9810C /* WorkoutShared */,
				118B000CD16D59FACB6C886F /* WorkoutWidgets */,
			);
			name = WorkoutWidgets;
			productName = WorkoutWidgets;
			productReference = C1A2912337D79EA8DBF43A6D /* WorkoutWidgets.appex */;
			productType = "com.apple.product-type.app-extension";
		};
/* End PBXNativeTarget section */

/* Begin PBXProject section */
		911E322F47B92A6FA8D976C0 /* Project object */ = {
			isa = PBXProject;
			attributes = {
				BuildIndependentTargetsInParallel = YES;
				LastUpgradeCheck = 1430;
				TargetAttributes = {
					6467659005103B3F100F0D23 = {
						DevelopmentTeam = K74Q6RKFBY;
						ProvisioningStyle = Automatic;
					};
					6A8555F0D3FB8289CC2AA8CA = {
						TestTargetID = 6467659005103B3F100F0D23;
					};
					74E6BE869F6EE4F06D577FA6 = {
						DevelopmentTeam = K74Q6RKFBY;
						ProvisioningStyle = Automatic;
					};
				};
			};
			buildConfigurationList = 03482D008CB47D3EED63543D /* Build configuration list for PBXProject "WorkoutTracker" */;
			developmentRegion = en;
			hasScannedForEncodings = 0;
			knownRegions = (
				Base,
				en,
			);
			mainGroup = AD6248B3D6F5FB51D1B71926;
			minimizedProjectReferenceProxies = 1;
			packageReferences = (
				275383CFE0B5CBC009756516 /* XCRemoteSwiftPackageReference "GoogleSignIn-iOS" */,
				DF02ABA5C66340E153B4BD53 /* XCRemoteSwiftPackageReference "swift-snapshot-testing" */,
				108F756125451243E842E9C4 /* XCRemoteSwiftPackageReference "SwiftLintPlugins" */,
			);
			preferredProjectObjectVersion = 77;
			productRefGroup = C91759DD6A5BDB578F6ECD07 /* Products */;
			projectDirPath = "";
			projectRoot = "";
			targets = (
				6467659005103B3F100F0D23 /* WorkoutTracker */,
				46A520FBEB182FC7E179EBD1 /* WorkoutTrackerSnapshotTests */,
				707D9FED1E17B39EF52E62EF /* WorkoutTrackerTests */,
				6A8555F0D3FB8289CC2AA8CA /* WorkoutTrackerUITests */,
				74E6BE869F6EE4F06D577FA6 /* WorkoutWidgets */,
			);
		};
/* End PBXProject section */

/* Begin PBXResourcesBuildPhase section */
		6FF63F10AE8DA894E8CF70F0 /* Resources */ = {
			isa = PBXResourcesBuildPhase;
			buildActionMask = 2147483647;
			files = (
			);
			runOnlyForDeploymentPostprocessing = 0;
		};
		E54EDE7918B4F355385CF221 /* Resources */ = {
			isa = PBXResourcesBuildPhase;
			buildActionMask = 2147483647;
			files = (
			);
			runOnlyForDeploymentPostprocessing = 0;
		};
/* End PBXResourcesBuildPhase section */

/* Begin PBXSourcesBuildPhase section */
		461D42BC526B5CC44E17980B /* Sources */ = {
			isa = PBXSourcesBuildPhase;
			buildActionMask = 2147483647;
			files = (
			);
			runOnlyForDeploymentPostprocessing = 0;
		};
		6CD1A4EEB3B698F281F1B562 /* Sources */ = {
			isa = PBXSourcesBuildPhase;
			buildActionMask = 2147483647;
			files = (
			);
			runOnlyForDeploymentPostprocessing = 0;
		};
		9EF9DD5E5F3E9E434466E53A /* Sources */ = {
			isa = PBXSourcesBuildPhase;
			buildActionMask = 2147483647;
			files = (
			);
			runOnlyForDeploymentPostprocessing = 0;
		};
		E98FB6DCF05A192EB2634FA9 /* Sources */ = {
			isa = PBXSourcesBuildPhase;
			buildActionMask = 2147483647;
			files = (
			);
			runOnlyForDeploymentPostprocessing = 0;
		};
		F26A043336E64F6B17388847 /* Sources */ = {
			isa = PBXSourcesBuildPhase;
			buildActionMask = 2147483647;
			files = (
			);
			runOnlyForDeploymentPostprocessing = 0;
		};
/* End PBXSourcesBuildPhase section */

/* Begin PBXTargetDependency section */
		3775011756B616E8CE35B067 /* PBXTargetDependency */ = {
			isa = PBXTargetDependency;
			productRef = 30555367E2AB7CAB263F4DDE /* plugin:SwiftLintBuildToolPlugin */;
		};
		56029467A1243DD1DA771F67 /* PBXTargetDependency */ = {
			isa = PBXTargetDependency;
			target = 6467659005103B3F100F0D23 /* WorkoutTracker */;
			targetProxy = F86FEC4C6CDFC627A3B86C74 /* PBXContainerItemProxy */;
		};
		5E078775E2ED79863DC9FB89 /* PBXTargetDependency */ = {
			isa = PBXTargetDependency;
			target = 6467659005103B3F100F0D23 /* WorkoutTracker */;
			targetProxy = 321DAC34C285EC82241507C6 /* PBXContainerItemProxy */;
		};
		C85785E304B04CB75F3BBA97 /* PBXTargetDependency */ = {
			isa = PBXTargetDependency;
			target = 74E6BE869F6EE4F06D577FA6 /* WorkoutWidgets */;
			targetProxy = 2DF0813098D85DA1D4E99448 /* PBXContainerItemProxy */;
		};
		CCBBDE547F412EFA65355DD8 /* PBXTargetDependency */ = {
			isa = PBXTargetDependency;
			target = 6467659005103B3F100F0D23 /* WorkoutTracker */;
			targetProxy = CF3E642FAA11B6BA03823F74 /* PBXContainerItemProxy */;
		};
/* End PBXTargetDependency section */

/* Begin XCBuildConfiguration section */
		0985F3CA67B51946169F4DD9 /* Debug */ = {
			isa = XCBuildConfiguration;
			buildSettings = {
				ASSETCATALOG_COMPILER_APPICON_NAME = "$(APPICON_NAME)";
				ASSETCATALOG_COMPILER_INCLUDE_ALL_APPICON_ASSETS = YES;
				CODE_SIGN_IDENTITY = "iPhone Developer";
				CODE_SIGN_STYLE = Automatic;
				DEVELOPMENT_TEAM = K74Q6RKFBY;
				INFOPLIST_FILE = WorkoutTracker/Info.plist;
				LD_RUNPATH_SEARCH_PATHS = (
					"$(inherited)",
					"@executable_path/Frameworks",
				);
				PRODUCT_BUNDLE_IDENTIFIER = "com.sunnypatel.WorkoutTracker$(BUNDLE_ID_SUFFIX)";
				SDKROOT = iphoneos;
				SWIFT_STRICT_CONCURRENCY = complete;
				SWIFT_VERSION = 6.0;
				TARGETED_DEVICE_FAMILY = "1,2";
			};
			name = Debug;
		};
		12BEF5EA46B05C2DA35118D8 /* Debug */ = {
			isa = XCBuildConfiguration;
			buildSettings = {
				CODE_SIGN_STYLE = Automatic;
				DEVELOPMENT_TEAM = K74Q6RKFBY;
				INFOPLIST_FILE = WorkoutWidgets/Info.plist;
				LD_RUNPATH_SEARCH_PATHS = (
					"$(inherited)",
					"@executable_path/Frameworks",
					"@executable_path/../../Frameworks",
				);
				PRODUCT_BUNDLE_IDENTIFIER = "com.sunnypatel.WorkoutTracker$(BUNDLE_ID_SUFFIX).Widgets";
				SDKROOT = iphoneos;
				SWIFT_STRICT_CONCURRENCY = complete;
				SWIFT_VERSION = 6.0;
				TARGETED_DEVICE_FAMILY = "1,2";
			};
			name = Debug;
		};
		3379DF5D3BE6900F3F02981D /* Release */ = {
			isa = XCBuildConfiguration;
			buildSettings = {
				BUNDLE_LOADER = "$(TEST_HOST)";
				GENERATE_INFOPLIST_FILE = YES;
				LD_RUNPATH_SEARCH_PATHS = (
					"$(inherited)",
					"@executable_path/Frameworks",
					"@loader_path/Frameworks",
				);
				PRODUCT_BUNDLE_IDENTIFIER = com.sunnypatel.WorkoutTrackerTests;
				SDKROOT = iphoneos;
				SWIFT_VERSION = 6.0;
				TARGETED_DEVICE_FAMILY = "1,2";
				TEST_HOST = "$(BUILT_PRODUCTS_DIR)/WorkoutTracker.app/WorkoutTracker";
			};
			name = Release;
		};
		50E34CA32EA27635BDF0ED43 /* Debug */ = {
			isa = XCBuildConfiguration;
			buildSettings = {
				BUNDLE_LOADER = "$(TEST_HOST)";
				GENERATE_INFOPLIST_FILE = YES;
				LD_RUNPATH_SEARCH_PATHS = (
					"$(inherited)",
					"@executable_path/Frameworks",
					"@loader_path/Frameworks",
				);
				PRODUCT_BUNDLE_IDENTIFIER = com.sunnypatel.WorkoutTrackerUITests;
				SDKROOT = iphoneos;
				SWIFT_VERSION = 6.0;
				TARGETED_DEVICE_FAMILY = "1,2";
				TEST_TARGET_NAME = WorkoutTracker;
			};
			name = Debug;
		};
		5D0BA74382AB83E6A58C2301 /* Debug */ = {
			isa = XCBuildConfiguration;
			buildSettings = {
				BUNDLE_LOADER = "$(TEST_HOST)";
				GENERATE_INFOPLIST_FILE = YES;
				LD_RUNPATH_SEARCH_PATHS = (
					"$(inherited)",
					"@executable_path/Frameworks",
					"@loader_path/Frameworks",
				);
				PRODUCT_BUNDLE_IDENTIFIER = com.sunnypatel.WorkoutTrackerSnapshotTests;
				SDKROOT = iphoneos;
				SWIFT_VERSION = 6.0;
				TARGETED_DEVICE_FAMILY = "1,2";
				TEST_HOST = "$(BUILT_PRODUCTS_DIR)/WorkoutTracker.app/WorkoutTracker";
			};
			name = Debug;
		};
		8EBE64E8BA6EAC5943905B78 /* Release */ = {
			isa = XCBuildConfiguration;
			baseConfigurationReference = BDE239394917F6AD12CA9B07 /* Secrets.xcconfig */;
			buildSettings = {
				ALWAYS_SEARCH_USER_PATHS = NO;
				APPICON_NAME = AppIcon;
				APP_DISPLAY_NAME = WorkoutTracker;
				BUNDLE_ID_SUFFIX = "";
				CLANG_ANALYZER_NONNULL = YES;
				CLANG_ANALYZER_NUMBER_OBJECT_CONVERSION = YES_AGGRESSIVE;
				CLANG_CXX_LANGUAGE_STANDARD = "gnu++14";
				CLANG_CXX_LIBRARY = "libc++";
				CLANG_ENABLE_MODULES = YES;
				CLANG_ENABLE_OBJC_ARC = YES;
				CLANG_ENABLE_OBJC_WEAK = YES;
				CLANG_WARN_BLOCK_CAPTURE_AUTORELEASING = YES;
				CLANG_WARN_BOOL_CONVERSION = YES;
				CLANG_WARN_COMMA = YES;
				CLANG_WARN_CONSTANT_CONVERSION = YES;
				CLANG_WARN_DEPRECATED_OBJC_IMPLEMENTATIONS = YES;
				CLANG_WARN_DIRECT_OBJC_ISA_USAGE = YES_ERROR;
				CLANG_WARN_DOCUMENTATION_COMMENTS = YES;
				CLANG_WARN_EMPTY_BODY = YES;
				CLANG_WARN_ENUM_CONVERSION = YES;
				CLANG_WARN_INFINITE_RECURSION = YES;
				CLANG_WARN_INT_CONVERSION = YES;
				CLANG_WARN_NON_LITERAL_NULL_CONVERSION = YES;
				CLANG_WARN_OBJC_IMPLICIT_RETAIN_SELF = YES;
				CLANG_WARN_OBJC_LITERAL_CONVERSION = YES;
				CLANG_WARN_OBJC_ROOT_CLASS = YES_ERROR;
				CLANG_WARN_QUOTED_INCLUDE_IN_FRAMEWORK_HEADER = YES;
				CLANG_WARN_RANGE_LOOP_ANALYSIS = YES;
				CLANG_WARN_STRICT_PROTOTYPES = YES;
				CLANG_WARN_SUSPICIOUS_MOVE = YES;
				CLANG_WARN_UNGUARDED_AVAILABILITY = YES_AGGRESSIVE;
				CLANG_WARN_UNREACHABLE_CODE = YES;
				CLANG_WARN__DUPLICATE_METHOD_MATCH = YES;
				COPY_PHASE_STRIP = NO;
				DEBUG_INFORMATION_FORMAT = "dwarf-with-dsym";
				ENABLE_NS_ASSERTIONS = NO;
				ENABLE_STRICT_OBJC_MSGSEND = YES;
				GCC_C_LANGUAGE_STANDARD = gnu11;
				GCC_NO_COMMON_BLOCKS = YES;
				GCC_WARN_64_TO_32_BIT_CONVERSION = YES;
				GCC_WARN_ABOUT_RETURN_TYPE = YES_ERROR;
				GCC_WARN_UNDECLARED_SELECTOR = YES;
				GCC_WARN_UNINITIALIZED_AUTOS = YES_AGGRESSIVE;
				GCC_WARN_UNUSED_FUNCTION = YES;
				GCC_WARN_UNUSED_VARIABLE = YES;
				IPHONEOS_DEPLOYMENT_TARGET = 26.0;
				MTL_ENABLE_DEBUG_INFO = NO;
				MTL_FAST_MATH = YES;
				PRODUCT_NAME = "$(TARGET_NAME)";
				SDKROOT = iphoneos;
				SWIFT_COMPILATION_MODE = wholemodule;
				SWIFT_OPTIMIZATION_LEVEL = "-O";
				SWIFT_VERSION = 5.0;
			};
			name = Release;
		};
		93E027DF1F6815B5F140592D /* Release */ = {
			isa = XCBuildConfiguration;
			buildSettings = {
				BUNDLE_LOADER = "$(TEST_HOST)";
				GENERATE_INFOPLIST_FILE = YES;
				LD_RUNPATH_SEARCH_PATHS = (
					"$(inherited)",
					"@executable_path/Frameworks",
					"@loader_path/Frameworks",
				);
				PRODUCT_BUNDLE_IDENTIFIER = com.sunnypatel.WorkoutTrackerSnapshotTests;
				SDKROOT = iphoneos;
				SWIFT_VERSION = 6.0;
				TARGETED_DEVICE_FAMILY = "1,2";
				TEST_HOST = "$(BUILT_PRODUCTS_DIR)/WorkoutTracker.app/WorkoutTracker";
			};
			name = Release;
		};
		96382A277E853E3AA0EA7B01 /* Release */ = {
			isa = XCBuildConfiguration;
			buildSettings = {
				CODE_SIGN_STYLE = Automatic;
				DEVELOPMENT_TEAM = K74Q6RKFBY;
				INFOPLIST_FILE = WorkoutWidgets/Info.plist;
				LD_RUNPATH_SEARCH_PATHS = (
					"$(inherited)",
					"@executable_path/Frameworks",
					"@executable_path/../../Frameworks",
				);
				PRODUCT_BUNDLE_IDENTIFIER = "com.sunnypatel.WorkoutTracker$(BUNDLE_ID_SUFFIX).Widgets";
				SDKROOT = iphoneos;
				SWIFT_STRICT_CONCURRENCY = complete;
				SWIFT_VERSION = 6.0;
				TARGETED_DEVICE_FAMILY = "1,2";
			};
			name = Release;
		};
		AEE3406817DDC3CF727D4818 /* Release */ = {
			isa = XCBuildConfiguration;
			buildSettings = {
				ASSETCATALOG_COMPILER_APPICON_NAME = "$(APPICON_NAME)";
				ASSETCATALOG_COMPILER_INCLUDE_ALL_APPICON_ASSETS = YES;
				CODE_SIGN_IDENTITY = "iPhone Developer";
				CODE_SIGN_STYLE = Automatic;
				DEVELOPMENT_TEAM = K74Q6RKFBY;
				INFOPLIST_FILE = WorkoutTracker/Info.plist;
				LD_RUNPATH_SEARCH_PATHS = (
					"$(inherited)",
					"@executable_path/Frameworks",
				);
				PRODUCT_BUNDLE_IDENTIFIER = "com.sunnypatel.WorkoutTracker$(BUNDLE_ID_SUFFIX)";
				SDKROOT = iphoneos;
				SWIFT_STRICT_CONCURRENCY = complete;
				SWIFT_VERSION = 6.0;
				TARGETED_DEVICE_FAMILY = "1,2";
			};
			name = Release;
		};
		BE08E80469AD6F14E590565E /* Debug */ = {
			isa = XCBuildConfiguration;
			baseConfigurationReference = BDE239394917F6AD12CA9B07 /* Secrets.xcconfig */;
			buildSettings = {
				ALWAYS_SEARCH_USER_PATHS = NO;
				APPICON_NAME = AppIcon;
				APP_DISPLAY_NAME = WorkoutTracker;
				BUNDLE_ID_SUFFIX = "";
				CLANG_ANALYZER_NONNULL = YES;
				CLANG_ANALYZER_NUMBER_OBJECT_CONVERSION = YES_AGGRESSIVE;
				CLANG_CXX_LANGUAGE_STANDARD = "gnu++14";
				CLANG_CXX_LIBRARY = "libc++";
				CLANG_ENABLE_MODULES = YES;
				CLANG_ENABLE_OBJC_ARC = YES;
				CLANG_ENABLE_OBJC_WEAK = YES;
				CLANG_WARN_BLOCK_CAPTURE_AUTORELEASING = YES;
				CLANG_WARN_BOOL_CONVERSION = YES;
				CLANG_WARN_COMMA = YES;
				CLANG_WARN_CONSTANT_CONVERSION = YES;
				CLANG_WARN_DEPRECATED_OBJC_IMPLEMENTATIONS = YES;
				CLANG_WARN_DIRECT_OBJC_ISA_USAGE = YES_ERROR;
				CLANG_WARN_DOCUMENTATION_COMMENTS = YES;
				CLANG_WARN_EMPTY_BODY = YES;
				CLANG_WARN_ENUM_CONVERSION = YES;
				CLANG_WARN_INFINITE_RECURSION = YES;
				CLANG_WARN_INT_CONVERSION = YES;
				CLANG_WARN_NON_LITERAL_NULL_CONVERSION = YES;
				CLANG_WARN_OBJC_IMPLICIT_RETAIN_SELF = YES;
				CLANG_WARN_OBJC_LITERAL_CONVERSION = YES;
				CLANG_WARN_OBJC_ROOT_CLASS = YES_ERROR;
				CLANG_WARN_QUOTED_INCLUDE_IN_FRAMEWORK_HEADER = YES;
				CLANG_WARN_RANGE_LOOP_ANALYSIS = YES;
				CLANG_WARN_STRICT_PROTOTYPES = YES;
				CLANG_WARN_SUSPICIOUS_MOVE = YES;
				CLANG_WARN_UNGUARDED_AVAILABILITY = YES_AGGRESSIVE;
				CLANG_WARN_UNREACHABLE_CODE = YES;
				CLANG_WARN__DUPLICATE_METHOD_MATCH = YES;
				COPY_PHASE_STRIP = NO;
				DEBUG_INFORMATION_FORMAT = dwarf;
				ENABLE_STRICT_OBJC_MSGSEND = YES;
				ENABLE_TESTABILITY = YES;
				GCC_C_LANGUAGE_STANDARD = gnu11;
				GCC_DYNAMIC_NO_PIC = NO;
				GCC_NO_COMMON_BLOCKS = YES;
				GCC_OPTIMIZATION_LEVEL = 0;
				GCC_PREPROCESSOR_DEFINITIONS = (
					"$(inherited)",
					"DEBUG=1",
				);
				GCC_WARN_64_TO_32_BIT_CONVERSION = YES;
				GCC_WARN_ABOUT_RETURN_TYPE = YES_ERROR;
				GCC_WARN_UNDECLARED_SELECTOR = YES;
				GCC_WARN_UNINITIALIZED_AUTOS = YES_AGGRESSIVE;
				GCC_WARN_UNUSED_FUNCTION = YES;
				GCC_WARN_UNUSED_VARIABLE = YES;
				IPHONEOS_DEPLOYMENT_TARGET = 26.0;
				MTL_ENABLE_DEBUG_INFO = INCLUDE_SOURCE;
				MTL_FAST_MATH = YES;
				ONLY_ACTIVE_ARCH = YES;
				PRODUCT_NAME = "$(TARGET_NAME)";
				SDKROOT = iphoneos;
				SWIFT_ACTIVE_COMPILATION_CONDITIONS = "DEBUG OFFLINE_SHEET";
				SWIFT_OPTIMIZATION_LEVEL = "-Onone";
				SWIFT_VERSION = 5.0;
			};
			name = Debug;
		};
		DAF4C39D96E90DC7DC6A892C /* Release */ = {
			isa = XCBuildConfiguration;
			buildSettings = {
				BUNDLE_LOADER = "$(TEST_HOST)";
				GENERATE_INFOPLIST_FILE = YES;
				LD_RUNPATH_SEARCH_PATHS = (
					"$(inherited)",
					"@executable_path/Frameworks",
					"@loader_path/Frameworks",
				);
				PRODUCT_BUNDLE_IDENTIFIER = com.sunnypatel.WorkoutTrackerUITests;
				SDKROOT = iphoneos;
				SWIFT_VERSION = 6.0;
				TARGETED_DEVICE_FAMILY = "1,2";
				TEST_TARGET_NAME = WorkoutTracker;
			};
			name = Release;
		};
		F8439DD4E529FE950766AE7E /* Debug */ = {
			isa = XCBuildConfiguration;
			buildSettings = {
				BUNDLE_LOADER = "$(TEST_HOST)";
				GENERATE_INFOPLIST_FILE = YES;
				LD_RUNPATH_SEARCH_PATHS = (
					"$(inherited)",
					"@executable_path/Frameworks",
					"@loader_path/Frameworks",
				);
				PRODUCT_BUNDLE_IDENTIFIER = com.sunnypatel.WorkoutTrackerTests;
				SDKROOT = iphoneos;
				SWIFT_VERSION = 6.0;
				TARGETED_DEVICE_FAMILY = "1,2";
				TEST_HOST = "$(BUILT_PRODUCTS_DIR)/WorkoutTracker.app/WorkoutTracker";
			};
			name = Debug;
		};
/* End XCBuildConfiguration section */

/* Begin XCConfigurationList section */
		03482D008CB47D3EED63543D /* Build configuration list for PBXProject "WorkoutTracker" */ = {
			isa = XCConfigurationList;
			buildConfigurations = (
				BE08E80469AD6F14E590565E /* Debug */,
				8EBE64E8BA6EAC5943905B78 /* Release */,
			);
			defaultConfigurationIsVisible = 0;
			defaultConfigurationName = Debug;
		};
		112811EE4A198E2F64C6E268 /* Build configuration list for PBXNativeTarget "WorkoutTrackerTests" */ = {
			isa = XCConfigurationList;
			buildConfigurations = (
				F8439DD4E529FE950766AE7E /* Debug */,
				3379DF5D3BE6900F3F02981D /* Release */,
			);
			defaultConfigurationIsVisible = 0;
			defaultConfigurationName = Debug;
		};
		23AD568E6D18AF00ED9C2CBA /* Build configuration list for PBXNativeTarget "WorkoutTrackerSnapshotTests" */ = {
			isa = XCConfigurationList;
			buildConfigurations = (
				5D0BA74382AB83E6A58C2301 /* Debug */,
				93E027DF1F6815B5F140592D /* Release */,
			);
			defaultConfigurationIsVisible = 0;
			defaultConfigurationName = Debug;
		};
		5A9C28BF88DEAB640165D446 /* Build configuration list for PBXNativeTarget "WorkoutTracker" */ = {
			isa = XCConfigurationList;
			buildConfigurations = (
				0985F3CA67B51946169F4DD9 /* Debug */,
				AEE3406817DDC3CF727D4818 /* Release */,
			);
			defaultConfigurationIsVisible = 0;
			defaultConfigurationName = Debug;
		};
		88BC778C56D4F0D05FDA64DA /* Build configuration list for PBXNativeTarget "WorkoutWidgets" */ = {
			isa = XCConfigurationList;
			buildConfigurations = (
				12BEF5EA46B05C2DA35118D8 /* Debug */,
				96382A277E853E3AA0EA7B01 /* Release */,
			);
			defaultConfigurationIsVisible = 0;
			defaultConfigurationName = Debug;
		};
		C6D840A6D8FCD1F4BEED0261 /* Build configuration list for PBXNativeTarget "WorkoutTrackerUITests" */ = {
			isa = XCConfigurationList;
			buildConfigurations = (
				50E34CA32EA27635BDF0ED43 /* Debug */,
				DAF4C39D96E90DC7DC6A892C /* Release */,
			);
			defaultConfigurationIsVisible = 0;
			defaultConfigurationName = Debug;
		};
/* End XCConfigurationList section */

/* Begin XCRemoteSwiftPackageReference section */
		108F756125451243E842E9C4 /* XCRemoteSwiftPackageReference "SwiftLintPlugins" */ = {
			isa = XCRemoteSwiftPackageReference;
			repositoryURL = "https://github.com/SimplyDanny/SwiftLintPlugins";
			requirement = {
				kind = upToNextMajorVersion;
				minimumVersion = 0.58.0;
			};
		};
		275383CFE0B5CBC009756516 /* XCRemoteSwiftPackageReference "GoogleSignIn-iOS" */ = {
			isa = XCRemoteSwiftPackageReference;
			repositoryURL = "https://github.com/google/GoogleSignIn-iOS";
			requirement = {
				kind = upToNextMajorVersion;
				minimumVersion = 8.0.0;
			};
		};
		DF02ABA5C66340E153B4BD53 /* XCRemoteSwiftPackageReference "swift-snapshot-testing" */ = {
			isa = XCRemoteSwiftPackageReference;
			repositoryURL = "https://github.com/pointfreeco/swift-snapshot-testing";
			requirement = {
				kind = upToNextMajorVersion;
				minimumVersion = 1.19.2;
			};
		};
/* End XCRemoteSwiftPackageReference section */

/* Begin XCSwiftPackageProductDependency section */
		199091C33B8C7562A86C9A18 /* SnapshotTesting */ = {
			isa = XCSwiftPackageProductDependency;
			package = DF02ABA5C66340E153B4BD53 /* XCRemoteSwiftPackageReference "swift-snapshot-testing" */;
			productName = SnapshotTesting;
		};
		30555367E2AB7CAB263F4DDE /* plugin:SwiftLintBuildToolPlugin */ = {
			isa = XCSwiftPackageProductDependency;
			package = 108F756125451243E842E9C4 /* XCRemoteSwiftPackageReference "SwiftLintPlugins" */;
			productName = "plugin:SwiftLintBuildToolPlugin";
		};
		3977E6225F9526AF52619CA9 /* GoogleSignIn */ = {
			isa = XCSwiftPackageProductDependency;
			package = 275383CFE0B5CBC009756516 /* XCRemoteSwiftPackageReference "GoogleSignIn-iOS" */;
			productName = GoogleSignIn;
		};
		CEF7E56EC8A77C77056ABE2A /* GoogleSignInSwift */ = {
			isa = XCSwiftPackageProductDependency;
			package = 275383CFE0B5CBC009756516 /* XCRemoteSwiftPackageReference "GoogleSignIn-iOS" */;
			productName = GoogleSignInSwift;
		};
/* End XCSwiftPackageProductDependency section */
	};
	rootObject = 911E322F47B92A6FA8D976C0 /* Project object */;
}
